
Microsoft Visual Studio Solution File, Format Version 12.00
# Visual Studio Version 17
VisualStudioVersion = 17.11.35327.3
MinimumVisualStudioVersion = 10.0.40219.1
Project("{9A19103F-16F7-4668-BE54-9A1E7A4F7556}") = "Catapult.Core", "Catapult.Core\Catapult.Core.csproj", "{206CE492-2FD5-4AA6-8CA4-56670D2E9C11}"
EndProject
Project("{9A19103F-16F7-4668-BE54-9A1E7A4F7556}") = "Catapult.Tests", "Catapult.Tests\Catapult.Tests.csproj", "{05B00F69-9E33-4E1E-920E-8F0E9245562F}"
EndProject
Project("{9A19103F-16F7-4668-BE54-9A1E7A4F7556}") = "Catapult.App", "Catapult.App\Catapult.App.csproj", "{8353CDCD-4F97-441B-9DBE-9A50BFA85620}"
EndProject
Project("{C7167F0D-BC9F-4E6E-AFE1-012C56B48DB5}") = "Catapult", "Catapult\Catapult.wapproj", "{06D1F5E5-B439-42B2-9B88-7E51D2ECA944}"
EndProject
Global
	GlobalSection(SolutionConfigurationPlatforms) = preSolution
		Debug|Any CPU = Debug|Any CPU
		Debug|ARM = Debug|ARM
		Debug|ARM64 = Debug|ARM64
		Debug|x64 = Debug|x64
		Debug|x86 = Debug|x86
		Release|Any CPU = Release|Any CPU
		Release|ARM = Release|ARM
		Release|ARM64 = Release|ARM64
		Release|x64 = Release|x64
		Release|x86 = Release|x86
	EndGlobalSection
	GlobalSection(ProjectConfigurationPlatforms) = postSolution
		{206CE492-2FD5-4AA6-8CA4-56670D2E9C11}.Debug|Any CPU.ActiveCfg = Debug|Any CPU
		{206CE492-2FD5-4AA6-8CA4-56670D2E9C11}.Debug|Any CPU.Build.0 = Debug|Any CPU
		{206CE492-2FD5-4AA6-8CA4-56670D2E9C11}.Debug|ARM.ActiveCfg = Debug|Any CPU
		{206CE492-2FD5-4AA6-8CA4-56670D2E9C11}.Debug|ARM.Build.0 = Debug|Any CPU
		{206CE492-2FD5-4AA6-8CA4-56670D2E9C11}.Debug|ARM64.ActiveCfg = Debug|Any CPU
		{206CE492-2FD5-4AA6-8CA4-56670D2E9C11}.Debug|ARM64.Build.0 = Debug|Any CPU
		{206CE492-2FD5-4AA6-8CA4-56670D2E9C11}.Debug|x64.ActiveCfg = Debug|Any CPU
		{206CE492-2FD5-4AA6-8CA4-56670D2E9C11}.Debug|x64.Build.0 = Debug|Any CPU
		{206CE492-2FD5-4AA6-8CA4-56670D2E9C11}.Debug|x86.ActiveCfg = Debug|Any CPU
		{206CE492-2FD5-4AA6-8CA4-56670D2E9C11}.Debug|x86.Build.0 = Debug|Any CPU
		{206CE492-2FD5-4AA6-8CA4-56670D2E9C11}.Release|Any CPU.ActiveCfg = Release|Any CPU
		{206CE492-2FD5-4AA6-8CA4-56670D2E9C11}.Release|Any CPU.Build.0 = Release|Any CPU
		{206CE492-2FD5-4AA6-8CA4-56670D2E9C11}.Release|ARM.ActiveCfg = Release|Any CPU
		{206CE492-2FD5-4AA6-8CA4-56670D2E9C11}.Release|ARM.Build.0 = Release|Any CPU
		{206CE492-2FD5-4AA6-8CA4-56670D2E9C11}.Release|ARM64.ActiveCfg = Release|Any CPU
		{206CE492-2FD5-4AA6-8CA4-56670D2E9C11}.Release|ARM64.Build.0 = Release|Any CPU
		{206CE492-2FD5-4AA6-8CA4-56670D2E9C11}.Release|x64.ActiveCfg = Release|Any CPU
		{206CE492-2FD5-4AA6-8CA4-56670D2E9C11}.Release|x64.Build.0 = Release|Any CPU
		{206CE492-2FD5-4AA6-8CA4-56670D2E9C11}.Release|x86.ActiveCfg = Release|Any CPU
		{206CE492-2FD5-4AA6-8CA4-56670D2E9C11}.Release|x86.Build.0 = Release|Any CPU
		{05B00F69-9E33-4E1E-920E-8F0E9245562F}.Debug|Any CPU.ActiveCfg = Debug|Any CPU
		{05B00F69-9E33-4E1E-920E-8F0E9245562F}.Debug|Any CPU.Build.0 = Debug|Any CPU
		{05B00F69-9E33-4E1E-920E-8F0E9245562F}.Debug|ARM.ActiveCfg = Debug|Any CPU
		{05B00F69-9E33-4E1E-920E-8F0E9245562F}.Debug|ARM.Build.0 = Debug|Any CPU
		{05B00F69-9E33-4E1E-920E-8F0E9245562F}.Debug|ARM64.ActiveCfg = Debug|Any CPU
		{05B00F69-9E33-4E1E-920E-8F0E9245562F}.Debug|ARM64.Build.0 = Debug|Any CPU
		{05B00F69-9E33-4E1E-920E-8F0E9245562F}.Debug|x64.ActiveCfg = Debug|Any CPU
		{05B00F69-9E33-4E1E-920E-8F0E9245562F}.Debug|x64.Build.0 = Debug|Any CPU
		{05B00F69-9E33-4E1E-920E-8F0E9245562F}.Debug|x86.ActiveCfg = Debug|Any CPU
		{05B00F69-9E33-4E1E-920E-8F0E9245562F}.Debug|x86.Build.0 = Debug|Any CPU
		{05B00F69-9E33-4E1E-920E-8F0E9245562F}.Release|Any CPU.ActiveCfg = Release|Any CPU
		{05B00F69-9E33-4E1E-920E-8F0E9245562F}.Release|Any CPU.Build.0 = Release|Any CPU
		{05B00F69-9E33-4E1E-920E-8F0E9245562F}.Release|ARM.ActiveCfg = Release|Any CPU
		{05B00F69-9E33-4E1E-920E-8F0E9245562F}.Release|ARM.Build.0 = Release|Any CPU
		{05B00F69-9E33-4E1E-920E-8F0E9245562F}.Release|ARM64.ActiveCfg = Release|Any CPU
		{05B00F69-9E33-4E1E-920E-8F0E9245562F}.Release|ARM64.Build.0 = Release|Any CPU
		{05B00F69-9E33-4E1E-920E-8F0E9245562F}.Release|x64.ActiveCfg = Release|Any CPU
		{05B00F69-9E33-4E1E-920E-8F0E9245562F}.Release|x64.Build.0 = Release|Any CPU
		{05B00F69-9E33-4E1E-920E-8F0E9245562F}.Release|x86.ActiveCfg = Release|Any CPU
		{05B00F69-9E33-4E1E-920E-8F0E9245562F}.Release|x86.Build.0 = Release|Any CPU
		{8353CDCD-4F97-441B-9DBE-9A50BFA85620}.Debug|Any CPU.ActiveCfg = Debug|Any CPU
		{8353CDCD-4F97-441B-9DBE-9A50BFA85620}.Debug|Any CPU.Build.0 = Debug|Any CPU
		{8353CDCD-4F97-441B-9DBE-9A50BFA85620}.Debug|ARM.ActiveCfg = Debug|Any CPU
		{8353CDCD-4F97-441B-9DBE-9A50BFA85620}.Debug|ARM.Build.0 = Debug|Any CPU
		{8353CDCD-4F97-441B-9DBE-9A50BFA85620}.Debug|ARM64.ActiveCfg = Debug|Any CPU
		{8353CDCD-4F97-441B-9DBE-9A50BFA85620}.Debug|ARM64.Build.0 = Debug|Any CPU
		{8353CDCD-4F97-441B-9DBE-9A50BFA85620}.Debug|x64.ActiveCfg = Debug|Any CPU
		{8353CDCD-4F97-441B-9DBE-9A50BFA85620}.Debug|x64.Build.0 = Debug|Any CPU
		{8353CDCD-4F97-441B-9DBE-9A50BFA85620}.Debug|x86.ActiveCfg = Debug|Any CPU
		{8353CDCD-4F97-441B-9DBE-9A50BFA85620}.Debug|x86.Build.0 = Debug|Any CPU
		{8353CDCD-4F97-441B-9DBE-9A50BFA85620}.Release|Any CPU.ActiveCfg = Release|Any CPU
		{8353CDCD-4F97-441B-9DBE-9A50BFA85620}.Release|Any CPU.Build.0 = Release|Any CPU
		{8353CDCD-4F97-441B-9DBE-9A50BFA85620}.Release|ARM.ActiveCfg = Release|Any CPU
		{8353CDCD-4F97-441B-9DBE-9A50BFA85620}.Release|ARM.Build.0 = Release|Any CPU
		{8353CDCD-4F97-441B-9DBE-9A50BFA85620}.Release|ARM64.ActiveCfg = Release|Any CPU
		{8353CDCD-4F97-441B-9DBE-9A50BFA85620}.Release|ARM64.Build.0 = Release|Any CPU
		{8353CDCD-4F97-441B-9DBE-9A50BFA85620}.Release|x64.ActiveCfg = Release|Any CPU
		{8353CDCD-4F97-441B-9DBE-9A50BFA85620}.Release|x64.Build.0 = Release|Any CPU
		{8353CDCD-4F97-441B-9DBE-9A50BFA85620}.Release|x86.ActiveCfg = Release|Any CPU
		{8353CDCD-4F97-441B-9DBE-9A50BFA85620}.Release|x86.Build.0 = Release|Any CPU
		{06D1F5E5-B439-42B2-9B88-7E51D2ECA944}.Debug|Any CPU.ActiveCfg = Debug|Any CPU
		{06D1F5E5-B439-42B2-9B88-7E51D2ECA944}.Debug|Any CPU.Build.0 = Debug|Any CPU
		{06D1F5E5-B439-42B2-9B88-7E51D2ECA944}.Debug|Any CPU.Deploy.0 = Debug|Any CPU
		{06D1F5E5-B439-42B2-9B88-7E51D2ECA944}.Debug|ARM.ActiveCfg = Debug|ARM
		{06D1F5E5-B439-42B2-9B88-7E51D2ECA944}.Debug|ARM.Build.0 = Debug|ARM
		{06D1F5E5-B439-42B2-9B88-7E51D2ECA944}.Debug|ARM.Deploy.0 = Debug|ARM
		{06D1F5E5-B439-42B2-9B88-7E51D2ECA944}.Debug|ARM64.ActiveCfg = Debug|ARM64
		{06D1F5E5-B439-42B2-9B88-7E51D2ECA944}.Debug|ARM64.Build.0 = Debug|ARM64
		{06D1F5E5-B439-42B2-9B88-7E51D2ECA944}.Debug|ARM64.Deploy.0 = Debug|ARM64
		{06D1F5E5-B439-42B2-9B88-7E51D2ECA944}.Debug|x64.ActiveCfg = Debug|x64
		{06D1F5E5-B439-42B2-9B88-7E51D2ECA944}.Debug|x64.Build.0 = Debug|x64
		{06D1F5E5-B439-42B2-9B88-7E51D2ECA944}.Debug|x64.Deploy.0 = Debug|x64
		{06D1F5E5-B439-42B2-9B88-7E51D2ECA944}.Debug|x86.ActiveCfg = Debug|x86
		{06D1F5E5-B439-42B2-9B88-7E51D2ECA944}.Debug|x86.Build.0 = Debug|x86
		{06D1F5E5-B439-42B2-9B88-7E51D2ECA944}.Debug|x86.Deploy.0 = Debug|x86
		{06D1F5E5-B439-42B2-9B88-7E51D2ECA944}.Release|Any CPU.ActiveCfg = Release|Any CPU
		{06D1F5E5-B439-42B2-9B88-7E51D2ECA944}.Release|Any CPU.Build.0 = Release|Any CPU
		{06D1F5E5-B439-42B2-9B88-7E51D2ECA944}.Release|Any CPU.Deploy.0 = Release|Any CPU
		{06D1F5E5-B439-42B2-9B88-7E51D2ECA944}.Release|ARM.ActiveCfg = Release|ARM
		{06D1F5E5-B439-42B2-9B88-7E51D2ECA944}.Release|ARM.Build.0 = Release|ARM
		{06D1F5E5-B439-42B2-9B88-7E51D2ECA944}.Release|ARM.Deploy.0 = Release|ARM
		{06D1F5E5-B439-42B2-9B88-7E51D2ECA944}.Release|ARM64.ActiveCfg = Release|ARM64
		{06D1F5E5-B439-42B2-9B88-7E51D2ECA944}.Release|ARM64.Build.0 = Release|ARM64
		{06D1F5E5-B439-42B2-9B88-7E51D2ECA944}.Release|ARM64.Deploy.0 = Release|ARM64
		{06D1F5E5-B439-42B2-9B88-7E51D2ECA944}.Release|x64.ActiveCfg = Release|x64
		{06D1F5E5-B439-42B2-9B88-7E51D2ECA944}.Release|x64.Build.0 = Release|x64
		{06D1F5E5-B439-42B2-9B88-7E51D2ECA944}.Release|x64.Deploy.0 = Release|x64
		{06D1F5E5-B439-42B2-9B88-7E51D2ECA944}.Release|x86.ActiveCfg = Release|x86
		{06D1F5E5-B439-42B2-9B88-7E51D2ECA944}.Release|x86.Build.0 = Release|x86
		{06D1F5E5-B439-42B2-9B88-7E51D2ECA944}.Release|x86.Deploy.0 = Release|x86
	EndGlobalSection
	GlobalSection(SolutionProperties) = preSolution
		HideSolutionNode = FALSE
	EndGlobalSection
	GlobalSection(ExtensibilityGlobals) = postSolution
		SolutionGuid = {5804DFEC-B702-4F11-B9B0-F8DB6D7B8964}
	EndGlobalSection
EndGlobal
