
Microsoft Visual Studio Solution File, Format Version 12.00
# Visual Studio Version 16
VisualStudioVersion = 16.0.28922.388
MinimumVisualStudioVersion = 10.0.40219.1
Project("{2150E333-8FDC-42A3-9474-1A3956D46DE8}") = ".nuget", ".nuget", "{51EE42CE-F8A2-412C-B6EA-7DF2D1321ADA}"
	ProjectSection(SolutionItems) = preProject
		.nuget\NuGet.Config = .nuget\NuGet.Config
		.nuget\NuGet.exe = .nuget\NuGet.exe
		.nuget\NuGet.targets = .nuget\NuGet.targets
	EndProjectSection
EndProject
Project("{2150E333-8FDC-42A3-9474-1A3956D46DE8}") = "Build", "Build", "{E7F93BBE-B482-4F7D-A269-0940870F7DC3}"
	ProjectSection(SolutionItems) = preProject
		..\build.fsx = ..\build.fsx
		..\Catapult.nuspec = ..\Catapult.nuspec
	EndProjectSection
EndProject
Project("{FAE04EC0-301F-11D3-BF4B-00C04F79EFBC}") = "Catapult.Spotify", "Catapult.Spotify\Catapult.Spotify.csproj", "{ADA56FA8-AEC9-40D4-BE63-4B073FB6B9D6}"
EndProject
Project("{FAE04EC0-301F-11D3-BF4B-00C04F79EFBC}") = "Catapult.App", "Catapult.App\Catapult.App.csproj", "{DE66D8BD-1EB8-4A1F-86D9-2EEE4D13C6D8}"
EndProject
Project("{FAE04EC0-301F-11D3-BF4B-00C04F79EFBC}") = "Catapult.Tests", "Catapult.Tests\Catapult.Tests.csproj", "{61BA76CB-F85F-43A0-8CD1-4473FCD4AADE}"
EndProject
Project("{9A19103F-16F7-4668-BE54-9A1E7A4F7556}") = "Catapult.Core", "Catapult.Core\Catapult.Core.csproj", "{40D11F1D-DBD2-4643-8304-261FB16D7D7F}"
EndProject
Project("{FAE04EC0-301F-11D3-BF4B-00C04F79EFBC}") = "Catapult.AvaloniaApp", "Catapult.AvaloniaApp\Catapult.AvaloniaApp.csproj", "{299E950B-03C6-4E27-A896-0366BDA85F3A}"
EndProject
Global
	GlobalSection(SolutionConfigurationPlatforms) = preSolution
		Debug|Any CPU = Debug|Any CPU
		Release|Any CPU = Release|Any CPU
	EndGlobalSection
	GlobalSection(ProjectConfigurationPlatforms) = postSolution
		{ADA56FA8-AEC9-40D4-BE63-4B073FB6B9D6}.Debug|Any CPU.ActiveCfg = Debug|Any CPU
		{ADA56FA8-AEC9-40D4-BE63-4B073FB6B9D6}.Debug|Any CPU.Build.0 = Debug|Any CPU
		{ADA56FA8-AEC9-40D4-BE63-4B073FB6B9D6}.Release|Any CPU.ActiveCfg = Release|Any CPU
		{ADA56FA8-AEC9-40D4-BE63-4B073FB6B9D6}.Release|Any CPU.Build.0 = Release|Any CPU
		{DE66D8BD-1EB8-4A1F-86D9-2EEE4D13C6D8}.Debug|Any CPU.ActiveCfg = Debug|Any CPU
		{DE66D8BD-1EB8-4A1F-86D9-2EEE4D13C6D8}.Debug|Any CPU.Build.0 = Debug|Any CPU
		{DE66D8BD-1EB8-4A1F-86D9-2EEE4D13C6D8}.Release|Any CPU.ActiveCfg = Release|Any CPU
		{DE66D8BD-1EB8-4A1F-86D9-2EEE4D13C6D8}.Release|Any CPU.Build.0 = Release|Any CPU
		{61BA76CB-F85F-43A0-8CD1-4473FCD4AADE}.Debug|Any CPU.ActiveCfg = Debug|Any CPU
		{61BA76CB-F85F-43A0-8CD1-4473FCD4AADE}.Debug|Any CPU.Build.0 = Debug|Any CPU
		{61BA76CB-F85F-43A0-8CD1-4473FCD4AADE}.Release|Any CPU.ActiveCfg = Release|Any CPU
		{61BA76CB-F85F-43A0-8CD1-4473FCD4AADE}.Release|Any CPU.Build.0 = Release|Any CPU
		{40D11F1D-DBD2-4643-8304-261FB16D7D7F}.Debug|Any CPU.ActiveCfg = Debug|Any CPU
		{40D11F1D-DBD2-4643-8304-261FB16D7D7F}.Debug|Any CPU.Build.0 = Debug|Any CPU
		{40D11F1D-DBD2-4643-8304-261FB16D7D7F}.Release|Any CPU.ActiveCfg = Release|Any CPU
		{40D11F1D-DBD2-4643-8304-261FB16D7D7F}.Release|Any CPU.Build.0 = Release|Any CPU
		{299E950B-03C6-4E27-A896-0366BDA85F3A}.Debug|Any CPU.ActiveCfg = Debug|Any CPU
		{299E950B-03C6-4E27-A896-0366BDA85F3A}.Debug|Any CPU.Build.0 = Debug|Any CPU
		{299E950B-03C6-4E27-A896-0366BDA85F3A}.Release|Any CPU.ActiveCfg = Release|Any CPU
		{299E950B-03C6-4E27-A896-0366BDA85F3A}.Release|Any CPU.Build.0 = Release|Any CPU
	EndGlobalSection
	GlobalSection(SolutionProperties) = preSolution
		HideSolutionNode = FALSE
	EndGlobalSection
	GlobalSection(ExtensibilityGlobals) = postSolution
		SolutionGuid = {5804DFEC-B702-4F11-B9B0-F8DB6D7B8964}
	EndGlobalSection
EndGlobal
